
Microsoft Visual Studio Solution File, Format Version 12.00
# Visual Studio 15
VisualStudioVersion = 15.0.28010.2003
MinimumVisualStudioVersion = 10.0.40219.1
Project("{FAE04EC0-301F-11D3-BF4B-00C04F79EFBC}") = "Model", "Model\Model.csproj", "{2A1AAD94-0555-467E-A40A-292E2DF46403}"
EndProject
Project("{FAE04EC0-301F-11D3-BF4B-00C04F79EFBC}") = "GAP_Tec_Test", "GAP_Tec_Test\GAP_Tec_Test.csproj", "{0E8E12C1-7EB8-490A-9970-D9F249F9A377}"
EndProject
Project("{FAE04EC0-301F-11D3-BF4B-00C04F79EFBC}") = "GAP_Test.Tests", "GAP_Test.Tests\GAP_Test.Tests.csproj", "{AD55DA0D-0092-4EA5-8C14-AE114836C27E}"
EndProject
Global
	GlobalSection(SolutionConfigurationPlatforms) = preSolution
		Debug|Any CPU = Debug|Any CPU
		Release|Any CPU = Release|Any CPU
	EndGlobalSection
	GlobalSection(ProjectConfigurationPlatforms) = postSolution
		{2A1AAD94-0555-467E-A40A-292E2DF46403}.Debug|Any CPU.ActiveCfg = Debug|Any CPU
		{2A1AAD94-0555-467E-A40A-292E2DF46403}.Debug|Any CPU.Build.0 = Debug|Any CPU
		{2A1AAD94-0555-467E-A40A-292E2DF46403}.Release|Any CPU.ActiveCfg = Release|Any CPU
		{2A1AAD94-0555-467E-A40A-292E2DF46403}.Release|Any CPU.Build.0 = Release|Any CPU
		{0E8E12C1-7EB8-490A-9970-D9F249F9A377}.Debug|Any CPU.ActiveCfg = Debug|Any CPU
		{0E8E12C1-7EB8-490A-9970-D9F249F9A377}.Debug|Any CPU.Build.0 = Debug|Any CPU
		{0E8E12C1-7EB8-490A-9970-D9F249F9A377}.Release|Any CPU.ActiveCfg = Release|Any CPU
		{0E8E12C1-7EB8-490A-9970-D9F249F9A377}.Release|Any CPU.Build.0 = Release|Any CPU
		{AD55DA0D-0092-4EA5-8C14-AE114836C27E}.Debug|Any CPU.ActiveCfg = Debug|Any CPU
		{AD55DA0D-0092-4EA5-8C14-AE114836C27E}.Debug|Any CPU.Build.0 = Debug|Any CPU
		{AD55DA0D-0092-4EA5-8C14-AE114836C27E}.Release|Any CPU.ActiveCfg = Release|Any CPU
		{AD55DA0D-0092-4EA5-8C14-AE114836C27E}.Release|Any CPU.Build.0 = Release|Any CPU
	EndGlobalSection
	GlobalSection(SolutionProperties) = preSolution
		HideSolutionNode = FALSE
	EndGlobalSection
	GlobalSection(ExtensibilityGlobals) = postSolution
		SolutionGuid = {35EB270B-3B8F-45D0-9C02-8C725D381E39}
	EndGlobalSection
EndGlobal
